{
    "_meta": {
        "hash": {
            "sha256": "0a7ab98b8bc425b29150f23a90ade2094bdf019bdb891d7b994108af8c02e46c"
        },
        "host-environment-markers": {
            "implementation_name": "cpython",
            "implementation_version": "3.5.2",
            "os_name": "posix",
            "platform_machine": "x86_64",
            "platform_python_implementation": "CPython",
            "platform_release": "4.4.0-104-generic",
            "platform_system": "Linux",
            "platform_version": "#127-Ubuntu SMP Mon Dec 11 12:16:42 UTC 2017",
            "python_full_version": "3.5.2",
            "python_version": "3.5",
            "sys_platform": "linux"
        },
        "pipfile-spec": 6,
        "requires": {},
        "sources": [
            {
                "name": "pypi",
                "url": "https://pypi.python.org/simple",
                "verify_ssl": true
            }
        ]
    },
    "default": {
        "dj-database-url": {
            "hashes": [
                "sha256:e16d94c382ea0564c48038fa7fe8d9c890ef1ab1a8ec4cb48e732c124b9482fd",
                "sha256:a6832d8445ee9d788c5baa48aef8130bf61fdc442f7d9a548424d25cd85c9f08"
            ],
            "version": "==0.4.2"
        },
        "django": {
            "hashes": [
                "sha256:bd57d950778db81f55f89efcbcb905ee839a778ba790ae4308b8a316835eb7ce",
                "sha256:3bb60536b2fb2084612fc9486634295e7208790029081842524916b5a66d206f"
            ],
            "version": "==1.8.2"
        },
        "django-appconf": {
            "hashes": [
                "sha256:ddab987d14b26731352c01ee69c090a4ebfc9141ed223bef039d79587f22acd9",
                "sha256:6a4d9aea683b4c224d97ab8ee11ad2d29a37072c0c6c509896dd9857466fb261"
            ],
            "version": "==1.0.2"
        },
        "django-compressor": {
            "hashes": [
                "sha256:516866224ec33bf227f79718c0b154debf2967fe249c12d721bbe2c45ecbe34c",
                "sha256:0189fd1dbf87d802f4e4e21ebc9220f29bbb7771b252a958ad6119f61453e22e"
            ],
            "version": "==1.5"
        },
        "django-heroku": {
            "hashes": [
                "sha256:e60a80363981fa8b3230e9b97d921a49964c08bdc081f8c4245cb639263471b8",
                "sha256:4aab3590e16e5f5989427e491e183397e148c1ce02d95078b60e8a60e1327bb8"
            ],
            "version": "==0.2.0"
        },
        "factory-boy": {
            "hashes": [
                "sha256:102c8141511443df01d354610d3b268924100654316709b43ac04648b50bf703",
                "sha256:cd8306e64c3a115deca136685e945db88ffe171382012ec938ed241a20dd7eba"
            ],
            "version": "==2.5.2"
        },
        "gunicorn": {
            "hashes": [
                "sha256:75af03c99389535f218cc596c7de74df4763803f7b63eb09d77e92b3956b36c6",
                "sha256:eee1169f0ca667be05db3351a0960765620dad53f53434262ff8901b68a1b622"
            ],
            "version": "==19.7.1"
        },
        "pillow": {
            "hashes": [
                "sha256:9d0fc0b2a86fadba3abd0776c4fae37617e0aeaf481cb2f23f0e66ef015e6285",
                "sha256:8475d8697d76b7925caf430d34cb874dbff737ff3d52cdca8d11513505fee866",
                "sha256:99b03b44d808a1f0be6f807b301c124bf5d9cce090f18ed32c2c88e30bd9c714",
                "sha256:7285180ee2fc1b2cbe751d767a83bd19a3ceaf2262f1f547085e31f22369ef35",
                "sha256:766c01fc8e49c1d5e1419b130c54d4d959da62e32fa381f62a02a9fdb5108481",
                "sha256:ca61822a9be2734d7c59ddc977b542887e7fafc75da716ae9347c6a9fb075a38",
                "sha256:43c400b3b539e4cdec0fc277e2a2f37efef31041295cfbd28c7187506823305c",
                "sha256:57716fe770005a98792de80b0e47efc70a889e6c828dd8d120839c270fe10f4b",
                "sha256:f9f047405e83eef06ad16f78da81e45d5ea97da8d46877acdc4428619aff5f99",
                "sha256:6ccdb949c59174d5f7f0309f83adc437df7a744e55adbd71990c338e57f8447c",
                "sha256:ff9c71f98cb9dfdc8c8878685f25cd8094fae3a286802510de7f47f89336e1e2",
                "sha256:6e23df2ec9dcc26b2d23d73806cff13f9586a56c4319262634a5208d390b2fe1",
                "sha256:aefb41723eac1b74581b858d9cfc2587858233ee6c95e0178a1c691f046f7aa6",
                "sha256:f79b9c5197378071357213834dcb967053898fcb52842713b0ece6fdb4858680",
                "sha256:4e7fe38e47c1aa4e34a7151cf2ee97d0753dca671d30fd83925d9f489b1efedc",
                "sha256:05b4802d2f4146a9209dbe41c8ce1a00be3727a26656f48ad5b804281606a56a",
                "sha256:711a7e54ee51f62367a1373a4de9b8e68e3f1b0f3cf0fa1f3bb4eab0777921c8",
                "sha256:1ad2e1c85465db6be204abb4e168575f7ff3d83e31a2834739d44cd26834cea2",
                "sha256:844381bbe2ef995e232502a910abb5c858c63e5ce3e944e351080d8592a083ba",
                "sha256:013f82502028616e0ebfcba31d6e2b76d9a3ea5676c59d6744c5c5232a09fcf1",
                "sha256:749ba7d4efa762f0b519139d6ebdeee50ef05a54dfd1ae1b529546f14ae0c972",
                "sha256:c0ee867491e8a65b0c269e4037411c48ab5e24cedccae76ce3c2767a583b1fb4",
                "sha256:e1449ece0aabab08cc667e5ff04fa7a577fa5f48f1ece4fc37b4e704d64cc115",
                "sha256:b9896697e1f02d30dedfbfce93aaedcecf9c52f2d19bba73a857fe6a6c1a57a5",
                "sha256:0f179d7e75e7c83b6341b9595ca1f394de7081484a9e352ad66d553a1c3daa29",
                "sha256:b2a9da24c5c5023616ef04ae3775d46963571316020114d8da4aa313af54d009",
                "sha256:5720351c035e0d0b30937b7f46acb7479c7fb63bf103a73cd053b3339af8fc00",
                "sha256:50adb3820f6386536333f2149b49e4092d275267c0a2b8197161556da30af138",
                "sha256:6ac79569461a7ab0e0ff253d2241c550bffb74d42d5e103e992e6922d7bc62bf",
                "sha256:3165d5274c037f8cecef80742758a9acfe6830ea90545434ee5b65a4d307237a",
                "sha256:1b28508ad43a582ba81144578ca602031f668b01d7ff4ced0f4c93b2223bdb0c",
                "sha256:ec163b7277c1c9ec6365c839c85c46cb01d1bb66137231ec5b97b34bb794b486",
                "sha256:7ccdad8db00a0e6a6ad420ba67ca16c976b8217a4179eb3bc5fa57f933665973",
                "sha256:7bc1d8d0cbb4c758ec138ccf7443e11d8bd49a86b58adc291c801e6c818c46a0",
                "sha256:d6037a18d74891b7b5c6f951df250712e327818288011496573c7050c3f6aa1c",
                "sha256:d1db8dfed77547076037d589b598e04f2cbc1a7835d3d3f137bf20c8994854d5"
            ],
            "version": "==2.9.0"
        },
        "psycopg2": {
            "hashes": [
                "sha256:594aa9a095de16614f703d759e10c018bdffeafce2921b8e80a0e8a0ebbc12e5",
                "sha256:1cf5d84290c771eeecb734abe2c6c3120e9837eb12f99474141a862b9061ac51",
                "sha256:0344b181e1aea37a58c218ccb0f0f771295de9aa25a625ed076e6996c6530f9e",
                "sha256:25250867a4cd1510fb755ef9cb38da3065def999d8e92c44e49a39b9b76bc893",
                "sha256:317612d5d0ca4a9f7e42afb2add69b10be360784d21ce4ecfbca19f1f5eadf43",
                "sha256:9d6266348b15b4a48623bf4d3e50445d8e581da413644f365805b321703d0fac",
                "sha256:ddca39cc55877653b5fcf59976d073e3d58c7c406ef54ae8e61ddf8782867182",
                "sha256:988d2ec7560d42ef0ac34b3b97aad14c4f068792f00e1524fa1d3749fe4e4b64",
                "sha256:7a9c6c62e6e05df5406e9b5235c31c376a22620ef26715a663cee57083b3c2ea",
                "sha256:7a75565181e75ba0b9fb174b58172bf6ea9b4331631cfe7bafff03f3641f5d73",
                "sha256:94e4128ba1ea56f02522fffac65520091a9de3f5c00da31539e085e13db4771b",
                "sha256:92179bd68c2efe72924a99b6745a9172471931fc296f9bfdf9645b75eebd6344",
                "sha256:b9358e203168fef7bfe9f430afaed3a2a624717a1d19c7afa7dfcbd76e3cd95c",
                "sha256:009e0bc09a57dbef4b601cb8b46a2abad51f5274c8be4bba276ff2884cd4cc53",
                "sha256:d3ac07240e2304181ffdb13c099840b5eb555efc7be9344503c0c03aa681de79",
                "sha256:40fa5630cd7d237cd93c4d4b64b9e5ed9273d1cfce55241c7f9066f5db70629d",
                "sha256:6c2f1a76a9ebd9ecf7825b9e20860139ca502c2bf1beabf6accf6c9e66a7e0c3",
                "sha256:37f54452c7787dbdc0a634ca9773362b91709917f0b365ed14b831f03cbd34ba",
                "sha256:8f5942a4daf1ffac42109dc4a72f786af4baa4fa702ede1d7c57b4b696c2e7d6",
                "sha256:bf708455cd1e9fa96c05126e89a0c59b200d086c7df7bbafc7d9be769e4149a3",
                "sha256:82c40ea3ac1555e0462803380609fbe8b26f52620f3d4f8eb480cfd8ceed8a14",
                "sha256:207ba4f9125a0a4200691e82d5eee7ea1485708eabe99a07fc7f08696fae62f4",
                "sha256:0cd4c848f0e9d805d531e44973c8f48962e20eb7fc0edac3db4f9dbf9ed5ab82",
                "sha256:57baf63aeb2965ca4b52613ce78e968b6d2bde700c97f6a7e8c6c236b51ab83e",
                "sha256:2954557393cfc9a5c11a5199c7a78cd9c0c793a047552d27b1636da50d013916",
                "sha256:7c31dade89634807196a6b20ced831fbd5bec8a21c4e458ea950c9102c3aa96f",
                "sha256:1286dd16d0e46d59fa54582725986704a7a3f3d9aca6c5902a7eceb10c60cb7e",
                "sha256:697ff63bc5451e0b0db48ad205151123d25683b3754198be7ab5fcb44334e519",
                "sha256:fc993c9331d91766d54757bbc70231e29d5ceb2d1ac08b1570feaa0c38ab9582",
                "sha256:9d64fed2681552ed642e9c0cc831a9e95ab91de72b47d0cb68b5bf506ba88647",
                "sha256:5c3213be557d0468f9df8fe2487eaf2990d9799202c5ff5cb8d394d09fad9b2a"
            ],
            "version": "==2.7.3.2"
        },
        "pytz": {
            "hashes": [
                "sha256:9966d2c3f86b23374da9890584f16b03f6e46055824e30a108716974d45d1e45",
                "sha256:f7c5be4db86f1a76ccc4c807f9008536275abec3e2815d18265d694aeef3cb3c",
                "sha256:6ce918e48daed649e13aa4eb2ce99d80212411401be42288c94473a81109244e",
                "sha256:6441e798f8863744c90574de253bed328c477fd2c86caf52b8d9d85f1ecb9f96",
                "sha256:4d64ed1b9e0e73095f5cfa87f0e97ddb4c840049e8efeb7e63b46118ba1d623a",
                "sha256:39ef0541e489b1cf5515cedf1b1f99de585fd660463cdcde43a03d7d92042782",
                "sha256:685b1994026572177458af143cc24a2082f400f18e63fdc8e2ed68dd93bb0f49",
                "sha256:8446013dfbde9b3f4f9bfea09418ddd526760a8798c41badd3f707a98ad0745b",
                "sha256:d5ff706089e9150760d238b66203a24d4a0a6175160410191995ff04d1893faa",
                "sha256:a78b484d5472dd8c688f8b3eee18646a25c66ce45b2c26652850f6af9ce52b17",
                "sha256:c4ee70cb407f9284517ac368f121cf0796a7134b961e53d9daf1aaae8f44fb90",
                "sha256:00f35fb0e7e2fc348cd091d25d36c6768b721463d12396d68a9491a8a5f91ecf"
            ],
            "version": "==2015.4"
        },
        "slackweb": {
            "hashes": [
                "sha256:bb64f1f8fea99fc04ce8fb300a09aab8fe51d86e25cedafb1eaca07f7b828c36"
            ],
            "version": "==1.0.5"
        },
        "wfastcgi": {
            "hashes": [
                "sha256:cbce266e7da411d40f98f28a73cb9a55157b274398bd5a8d2b25cfa10a4dd493"
            ],
            "version": "==3.0.0"
        },
        "whitenoise": {
            "hashes": [
                "sha256:15f43b2e701821b95c9016cf469d29e2a546cb1c7dead584ba82c36f843995cf",
                "sha256:9d81515f2b5b27051910996e1e860b1332e354d9e7bcf30c98f21dcb6713e0dd"
            ],
            "version": "==3.3.1"
        }
    },
    "develop": {}
}
